// !$*UTF8*$!
{
	archiveVersion = 1;
	classes = {
	};
	objectVersion = 56;
	objects = {

/* Begin PBXBuildFile section */
		B224B2F02ACCC835003EBF3C /* FlagsApp.swift in Sources */ = {isa = PBXBuildFile; fileRef = B224B2EF2ACCC835003EBF3C /* FlagsApp.swift */; };
		B224B2F22ACCC835003EBF3C /* ContentView.swift in Sources */ = {isa = PBXBuildFile; fileRef = B224B2F12ACCC835003EBF3C /* ContentView.swift */; };
		B224B2F42ACCC836003EBF3C /* Assets.xcassets in Resources */ = {isa = PBXBuildFile; fileRef = B224B2F32ACCC836003EBF3C /* Assets.xcassets */; };
		B224B2F72ACCC836003EBF3C /* Preview Assets.xcassets in Resources */ = {isa = PBXBuildFile; fileRef = B224B2F62ACCC836003EBF3C /* Preview Assets.xcassets */; };
		B224B3012ACCC836003EBF3C /* FlagsTests.swift in Sources */ = {isa = PBXBuildFile; fileRef = B224B3002ACCC836003EBF3C /* FlagsTests.swift */; };
		B224B30B2ACCC836003EBF3C /* FlagsUITests.swift in Sources */ = {isa = PBXBuildFile; fileRef = B224B30A2ACCC836003EBF3C /* FlagsUITests.swift */; };
		B224B30D2ACCC836003EBF3C /* FlagsUITestsLaunchTests.swift in Sources */ = {isa = PBXBuildFile; fileRef = B224B30C2ACCC836003EBF3C /* FlagsUITestsLaunchTests.swift */; };
		B224B31A2ACCC9BA003EBF3C /* Germany.swift in Sources */ = {isa = PBXBuildFile; fileRef = B224B3192ACCC9BA003EBF3C /* Germany.swift */; };
		B224B31C2ACCCC45003EBF3C /* Mexico.swift in Sources */ = {isa = PBXBuildFile; fileRef = B224B31B2ACCCC45003EBF3C /* Mexico.swift */; };
		B224B31E2ACCD321003EBF3C /* United Arab Emirates Flag.swift in Sources */ = {isa = PBXBuildFile; fileRef = B224B31D2ACCD321003EBF3C /* United Arab Emirates Flag.swift */; };
		B224B3202ACCD575003EBF3C /* UAE2.swift in Sources */ = {isa = PBXBuildFile; fileRef = B224B31F2ACCD575003EBF3C /* UAE2.swift */; };
/* End PBXBuildFile section */

/* Begin PBXContainerItemProxy section */
		B224B2FD2ACCC836003EBF3C /* PBXContainerItemProxy */ = {
			isa = PBXContainerItemProxy;
			containerPortal = B224B2E42ACCC835003EBF3C /* Project object */;
			proxyType = 1;
			remoteGlobalIDString = B224B2EB2ACCC835003EBF3C;
			remoteInfo = Flags;
		};
		B224B3072ACCC836003EBF3C /* PBXContainerItemProxy */ = {
			isa = PBXContainerItemProxy;
			containerPortal = B224B2E42ACCC835003EBF3C /* Project object */;
			proxyType = 1;
			remoteGlobalIDString = B224B2EB2ACCC835003EBF3C;
			remoteInfo = Flags;
		};
/* End PBXContainerItemProxy section */

/* Begin PBXFileReference section */
		B224B2EC2ACCC835003EBF3C /* Flags.app */ = {isa = PBXFileReference; explicitFileType = wrapper.application; includeInIndex = 0; path = Flags.app; sourceTree = BUILT_PRODUCTS_DIR; };
		B224B2EF2ACCC835003EBF3C /* FlagsApp.swift */ = {isa = PBXFileReference; lastKnownFileType = sourcecode.swift; path = FlagsApp.swift; sourceTree = "<group>"; };
		B224B2F12ACCC835003EBF3C /* ContentView.swift */ = {isa = PBXFileReference; lastKnownFileType = sourcecode.swift; path = ContentView.swift; sourceTree = "<group>"; };
		B224B2F32ACCC836003EBF3C /* Assets.xcassets */ = {isa = PBXFileReference; lastKnownFileType = folder.assetcatalog; path = Assets.xcassets; sourceTree = "<group>"; };
		B224B2F62ACCC836003EBF3C /* Preview Assets.xcassets */ = {isa = PBXFileReference; lastKnownFileType = folder.assetcatalog; path = "Preview Assets.xcassets"; sourceTree = "<group>"; };
		B224B2FC2ACCC836003EBF3C /* FlagsTests.xctest */ = {isa = PBXFileReference; explicitFileType = wrapper.cfbundle; includeInIndex = 0; path = FlagsTests.xctest; sourceTree = BUILT_PRODUCTS_DIR; };
		B224B3002ACCC836003EBF3C /* FlagsTests.swift */ = {isa = PBXFileReference; lastKnownFileType = sourcecode.swift; path = FlagsTests.swift; sourceTree = "<group>"; };
		B224B3062ACCC836003EBF3C /* FlagsUITests.xctest */ = {isa = PBXFileReference; explicitFileType = wrapper.cfbundle; includeInIndex = 0; path = FlagsUITests.xctest; sourceTree = BUILT_PRODUCTS_DIR; };
		B224B30A2ACCC836003EBF3C /* FlagsUITests.swift */ = {isa = PBXFileReference; lastKnownFileType = sourcecode.swift; path = FlagsUITests.swift; sourceTree = "<group>"; };
		B224B30C2ACCC836003EBF3C /* FlagsUITestsLaunchTests.swift */ = {isa = PBXFileReference; lastKnownFileType = sourcecode.swift; path = FlagsUITestsLaunchTests.swift; sourceTree = "<group>"; };
		B224B3192ACCC9BA003EBF3C /* Germany.swift */ = {isa = PBXFileReference; lastKnownFileType = sourcecode.swift; path = Germany.swift; sourceTree = "<group>"; };
		B224B31B2ACCCC45003EBF3C /* Mexico.swift */ = {isa = PBXFileReference; lastKnownFileType = sourcecode.swift; path = Mexico.swift; sourceTree = "<group>"; };
		B224B31D2ACCD321003EBF3C /* United Arab Emirates Flag.swift */ = {isa = PBXFileReference; lastKnownFileType = sourcecode.swift; path = "United Arab Emirates Flag.swift"; sourceTree = "<group>"; };
		B224B31F2ACCD575003EBF3C /* UAE2.swift */ = {isa = PBXFileReference; lastKnownFileType = sourcecode.swift; path = UAE2.swift; sourceTree = "<group>"; };
/* End PBXFileReference section */

/* Begin PBXFrameworksBuildPhase section */
		B224B2E92ACCC835003EBF3C /* Frameworks */ = {
			isa = PBXFrameworksBuildPhase;
			buildActionMask = 2147483647;
			files = (
			);
			runOnlyForDeploymentPostprocessing = 0;
		};
		B224B2F92ACCC836003EBF3C /* Frameworks */ = {
			isa = PBXFrameworksBuildPhase;
			buildActionMask = 2147483647;
			files = (
			);
			runOnlyForDeploymentPostprocessing = 0;
		};
		B224B3032ACCC836003EBF3C /* Frameworks */ = {
			isa = PBXFrameworksBuildPhase;
			buildActionMask = 2147483647;
			files = (
			);
			runOnlyForDeploymentPostprocessing = 0;
		};
/* End PBXFrameworksBuildPhase section */

/* Begin PBXGroup section */
		B224B2E32ACCC835003EBF3C = {
			isa = PBXGroup;
			children = (
				B224B2EE2ACCC835003EBF3C /* Flags */,
				B224B2FF2ACCC836003EBF3C /* FlagsTests */,
				B224B3092ACCC836003EBF3C /* FlagsUITests */,
				B224B2ED2ACCC835003EBF3C /* Products */,
			);
			sourceTree = "<group>";
		};
		B224B2ED2ACCC835003EBF3C /* Products */ = {
			isa = PBXGroup;
			children = (
				B224B2EC2ACCC835003EBF3C /* Flags.app */,
				B224B2FC2ACCC836003EBF3C /* FlagsTests.xctest */,
				B224B3062ACCC836003EBF3C /* FlagsUITests.xctest */,
			);
			name = Products;
			sourceTree = "<group>";
		};
		B224B2EE2ACCC835003EBF3C /* Flags */ = {
			isa = PBXGroup;
			children = (
				B224B2EF2ACCC835003EBF3C /* FlagsApp.swift */,
				B224B3192ACCC9BA003EBF3C /* Germany.swift */,
				B224B31B2ACCCC45003EBF3C /* Mexico.swift */,
				B224B31D2ACCD321003EBF3C /* United Arab Emirates Flag.swift */,
				B224B31F2ACCD575003EBF3C /* UAE2.swift */,
				B224B2F12ACCC835003EBF3C /* ContentView.swift */,
				B224B2F32ACCC836003EBF3C /* Assets.xcassets */,
				B224B2F52ACCC836003EBF3C /* Preview Content */,
			);
			path = Flags;
			sourceTree = "<group>";
		};
		B224B2F52ACCC836003EBF3C /* Preview Content */ = {
			isa = PBXGroup;
			children = (
				B224B2F62ACCC836003EBF3C /* Preview Assets.xcassets */,
			);
			path = "Preview Content";
			sourceTree = "<group>";
		};
		B224B2FF2ACCC836003EBF3C /* FlagsTests */ = {
			isa = PBXGroup;
			children = (
				B224B3002ACCC836003EBF3C /* FlagsTests.swift */,
			);
			path = FlagsTests;
			sourceTree = "<group>";
		};
		B224B3092ACCC836003EBF3C /* FlagsUITests */ = {
			isa = PBXGroup;
			children = (
				B224B30A2ACCC836003EBF3C /* FlagsUITests.swift */,
				B224B30C2ACCC836003EBF3C /* FlagsUITestsLaunchTests.swift */,
			);
			path = FlagsUITests;
			sourceTree = "<group>";
		};
/* End PBXGroup section */

/* Begin PBXNativeTarget section */
		B224B2EB2ACCC835003EBF3C /* Flags */ = {
			isa = PBXNativeTarget;
			buildConfigurationList = B224B3102ACCC836003EBF3C /* Build configuration list for PBXNativeTarget "Flags" */;
			buildPhases = (
				B224B2E82ACCC835003EBF3C /* Sources */,
				B224B2E92ACCC835003EBF3C /* Frameworks */,
				B224B2EA2ACCC835003EBF3C /* Resources */,
			);
			buildRules = (
			);
			dependencies = (
			);
			name = Flags;
			productName = Flags;
			productReference = B224B2EC2ACCC835003EBF3C /* Flags.app */;
			productType = "com.apple.product-type.application";
		};
		B224B2FB2ACCC836003EBF3C /* FlagsTests */ = {
			isa = PBXNativeTarget;
			buildConfigurationList = B224B3132ACCC836003EBF3C /* Build configuration list for PBXNativeTarget "FlagsTests" */;
			buildPhases = (
				B224B2F82ACCC836003EBF3C /* Sources */,
				B224B2F92ACCC836003EBF3C /* Frameworks */,
				B224B2FA2ACCC836003EBF3C /* Resources */,
			);
			buildRules = (
			);
			dependencies = (
				B224B2FE2ACCC836003EBF3C /* PBXTargetDependency */,
			);
			name = FlagsTests;
			productName = FlagsTests;
			productReference = B224B2FC2ACCC836003EBF3C /* FlagsTests.xctest */;
			productType = "com.apple.product-type.bundle.unit-test";
		};
		B224B3052ACCC836003EBF3C /* FlagsUITests */ = {
			isa = PBXNativeTarget;
			buildConfigurationList = B224B3162ACCC836003EBF3C /* Build configuration list for PBXNativeTarget "FlagsUITests" */;
			buildPhases = (
				B224B3022ACCC836003EBF3C /* Sources */,
				B224B3032ACCC836003EBF3C /* Frameworks */,
				B224B3042ACCC836003EBF3C /* Resources */,
			);
			buildRules = (
			);
			dependencies = (
				B224B3082ACCC836003EBF3C /* PBXTargetDependency */,
			);
			name = FlagsUITests;
			productName = FlagsUITests;
			productReference = B224B3062ACCC836003EBF3C /* FlagsUITests.xctest */;
			productType = "com.apple.product-type.bundle.ui-testing";
		};
/* End PBXNativeTarget section */

/* Begin PBXProject section */
		B224B2E42ACCC835003EBF3C /* Project object */ = {
			isa = PBXProject;
			attributes = {
				BuildIndependentTargetsInParallel = 1;
				LastSwiftUpdateCheck = 1500;
				LastUpgradeCheck = 1500;
				TargetAttributes = {
					B224B2EB2ACCC835003EBF3C = {
						CreatedOnToolsVersion = 15.0;
					};
					B224B2FB2ACCC836003EBF3C = {
						CreatedOnToolsVersion = 15.0;
						TestTargetID = B224B2EB2ACCC835003EBF3C;
					};
					B224B3052ACCC836003EBF3C = {
						CreatedOnToolsVersion = 15.0;
						TestTargetID = B224B2EB2ACCC835003EBF3C;
					};
				};
			};
			buildConfigurationList = B224B2E72ACCC835003EBF3C /* Build configuration list for PBXProject "Flags" */;
			compatibilityVersion = "Xcode 14.0";
			developmentRegion = en;
			hasScannedForEncodings = 0;
			knownRegions = (
				en,
				Base,
			);
			mainGroup = B224B2E32ACCC835003EBF3C;
			productRefGroup = B224B2ED2ACCC835003EBF3C /* Products */;
			projectDirPath = "";
			projectRoot = "";
			targets = (
				B224B2EB2ACCC835003EBF3C /* Flags */,
				B224B2FB2ACCC836003EBF3C /* FlagsTests */,
				B224B3052ACCC836003EBF3C /* FlagsUITests */,
			);
		};
/* End PBXProject section */

/* Begin PBXResourcesBuildPhase section */
		B224B2EA2ACCC835003EBF3C /* Resources */ = {
			isa = PBXResourcesBuildPhase;
			buildActionMask = 2147483647;
			files = (
				B224B2F72ACCC836003EBF3C /* Preview Assets.xcassets in Resources */,
				B224B2F42ACCC836003EBF3C /* Assets.xcassets in Resources */,
			);
			runOnlyForDeploymentPostprocessing = 0;
		};
		B224B2FA2ACCC836003EBF3C /* Resources */ = {
			isa = PBXResourcesBuildPhase;
			buildActionMask = 2147483647;
			files = (
			);
			runOnlyForDeploymentPostprocessing = 0;
		};
		B224B3042ACCC836003EBF3C /* Resources */ = {
			isa = PBXResourcesBuildPhase;
			buildActionMask = 2147483647;
			files = (
			);
			runOnlyForDeploymentPostprocessing = 0;
		};
/* End PBXResourcesBuildPhase section */

/* Begin PBXSourcesBuildPhase section */
		B224B2E82ACCC835003EBF3C /* Sources */ = {
			isa = PBXSourcesBuildPhase;
			buildActionMask = 2147483647;
			files = (
				B224B3202ACCD575003EBF3C /* UAE2.swift in Sources */,
				B224B31C2ACCCC45003EBF3C /* Mexico.swift in Sources */,
				B224B31A2ACCC9BA003EBF3C /* Germany.swift in Sources */,
				B224B2F22ACCC835003EBF3C /* ContentView.swift in Sources */,
				B224B2F02ACCC835003EBF3C /* FlagsApp.swift in Sources */,
				B224B31E2ACCD321003EBF3C /* United Arab Emirates Flag.swift in Sources */,
			);
			runOnlyForDeploymentPostprocessing = 0;
		};
		B224B2F82ACCC836003EBF3C /* Sources */ = {
			isa = PBXSourcesBuildPhase;
			buildActionMask = 2147483647;
			files = (
				B224B3012ACCC836003EBF3C /* FlagsTests.swift in Sources */,
			);
			runOnlyForDeploymentPostprocessing = 0;
		};
		B224B3022ACCC836003EBF3C /* Sources */ = {
			isa = PBXSourcesBuildPhase;
			buildActionMask = 2147483647;
			files = (
				B224B30D2ACCC836003EBF3C /* FlagsUITestsLaunchTests.swift in Sources */,
				B224B30B2ACCC836003EBF3C /* FlagsUITests.swift in Sources */,
			);
			runOnlyForDeploymentPostprocessing = 0;
		};
/* End PBXSourcesBuildPhase section */

/* Begin PBXTargetDependency section */
		B224B2FE2ACCC836003EBF3C /* PBXTargetDependency */ = {
			isa = PBXTargetDependency;
			target = B224B2EB2ACCC835003EBF3C /* Flags */;
			targetProxy = B224B2FD2ACCC836003EBF3C /* PBXContainerItemProxy */;
		};
		B224B3082ACCC836003EBF3C /* PBXTargetDependency */ = {
			isa = PBXTargetDependency;
			target = B224B2EB2ACCC835003EBF3C /* Flags */;
			targetProxy = B224B3072ACCC836003EBF3C /* PBXContainerItemProxy */;
		};
/* End PBXTargetDependency section */

/* Begin XCBuildConfiguration section */
		B224B30E2ACCC836003EBF3C /* Debug */ = {
			isa = XCBuildConfiguration;
			buildSettings = {
				ALWAYS_SEARCH_USER_PATHS = NO;
				ASSETCATALOG_COMPILER_GENERATE_SWIFT_ASSET_SYMBOL_EXTENSIONS = YES;
				CLANG_ANALYZER_NONNULL = YES;
				CLANG_ANALYZER_NUMBER_OBJECT_CONVERSION = YES_AGGRESSIVE;
				CLANG_CXX_LANGUAGE_STANDARD = "gnu++20";
				CLANG_ENABLE_MODULES = YES;
				CLANG_ENABLE_OBJC_ARC = YES;
				CLANG_ENABLE_OBJC_WEAK = YES;
				CLANG_WARN_BLOCK_CAPTURE_AUTORELEASING = YES;
				CLANG_WARN_BOOL_CONVERSION = YES;
				CLANG_WARN_COMMA = YES;
				CLANG_WARN_CONSTANT_CONVERSION = YES;
				CLANG_WARN_DEPRECATED_OBJC_IMPLEMENTATIONS = YES;
				CLANG_WARN_DIRECT_OBJC_ISA_USAGE = YES_ERROR;
				CLANG_WARN_DOCUMENTATION_COMMENTS = YES;
				CLANG_WARN_EMPTY_BODY = YES;
				CLANG_WARN_ENUM_CONVERSION = YES;
				CLANG_WARN_INFINITE_RECURSION = YES;
				CLANG_WARN_INT_CONVERSION = YES;
				CLANG_WARN_NON_LITERAL_NULL_CONVERSION = YES;
				CLANG_WARN_OBJC_IMPLICIT_RETAIN_SELF = YES;
				CLANG_WARN_OBJC_LITERAL_CONVERSION = YES;
				CLANG_WARN_OBJC_ROOT_CLASS = YES_ERROR;
				CLANG_WARN_QUOTED_INCLUDE_IN_FRAMEWORK_HEADER = YES;
				CLANG_WARN_RANGE_LOOP_ANALYSIS = YES;
				CLANG_WARN_STRICT_PROTOTYPES = YES;
				CLANG_WARN_SUSPICIOUS_MOVE = YES;
				CLANG_WARN_UNGUARDED_AVAILABILITY = YES_AGGRESSIVE;
				CLANG_WARN_UNREACHABLE_CODE = YES;
				CLANG_WARN__DUPLICATE_METHOD_MATCH = YES;
				COPY_PHASE_STRIP = NO;
				DEBUG_INFORMATION_FORMAT = dwarf;
				ENABLE_STRICT_OBJC_MSGSEND = YES;
				ENABLE_TESTABILITY = YES;
				ENABLE_USER_SCRIPT_SANDBOXING = YES;
				GCC_C_LANGUAGE_STANDARD = gnu17;
				GCC_DYNAMIC_NO_PIC = NO;
				GCC_NO_COMMON_BLOCKS = YES;
				GCC_OPTIMIZATION_LEVEL = 0;
				GCC_PREPROCESSOR_DEFINITIONS = (
					"DEBUG=1",
					"$(inherited)",
				);
				GCC_WARN_64_TO_32_BIT_CONVERSION = YES;
				GCC_WARN_ABOUT_RETURN_TYPE = YES_ERROR;
				GCC_WARN_UNDECLARED_SELECTOR = YES;
				GCC_WARN_UNINITIALIZED_AUTOS = YES_AGGRESSIVE;
				GCC_WARN_UNUSED_FUNCTION = YES;
				GCC_WARN_UNUSED_VARIABLE = YES;
				IPHONEOS_DEPLOYMENT_TARGET = 17.0;
				LOCALIZATION_PREFERS_STRING_CATALOGS = YES;
				MTL_ENABLE_DEBUG_INFO = INCLUDE_SOURCE;
				MTL_FAST_MATH = YES;
				ONLY_ACTIVE_ARCH = YES;
				SDKROOT = iphoneos;
				SWIFT_ACTIVE_COMPILATION_CONDITIONS = "DEBUG $(inherited)";
				SWIFT_OPTIMIZATION_LEVEL = "-Onone";
			};
			name = Debug;
		};
		B224B30F2ACCC836003EBF3C /* Release */ = {
			isa = XCBuildConfiguration;
			buildSettings = {
				ALWAYS_SEARCH_USER_PATHS = NO;
				ASSETCATALOG_COMPILER_GENERATE_SWIFT_ASSET_SYMBOL_EXTENSIONS = YES;
				CLANG_ANALYZER_NONNULL = YES;
				CLANG_ANALYZER_NUMBER_OBJECT_CONVERSION = YES_AGGRESSIVE;
				CLANG_CXX_LANGUAGE_STANDARD = "gnu++20";
				CLANG_ENABLE_MODULES = YES;
				CLANG_ENABLE_OBJC_ARC = YES;
				CLANG_ENABLE_OBJC_WEAK = YES;
				CLANG_WARN_BLOCK_CAPTURE_AUTORELEASING = YES;
				CLANG_WARN_BOOL_CONVERSION = YES;
				CLANG_WARN_COMMA = YES;
				CLANG_WARN_CONSTANT_CONVERSION = YES;
				CLANG_WARN_DEPRECATED_OBJC_IMPLEMENTATIONS = YES;
				CLANG_WARN_DIRECT_OBJC_ISA_USAGE = YES_ERROR;
				CLANG_WARN_DOCUMENTATION_COMMENTS = YES;
				CLANG_WARN_EMPTY_BODY = YES;
				CLANG_WARN_ENUM_CONVERSION = YES;
				CLANG_WARN_INFINITE_RECURSION = YES;
				CLANG_WARN_INT_CONVERSION = YES;
				CLANG_WARN_NON_LITERAL_NULL_CONVERSION = YES;
				CLANG_WARN_OBJC_IMPLICIT_RETAIN_SELF = YES;
				CLANG_WARN_OBJC_LITERAL_CONVERSION = YES;
				CLANG_WARN_OBJC_ROOT_CLASS = YES_ERROR;
				CLANG_WARN_QUOTED_INCLUDE_IN_FRAMEWORK_HEADER = YES;
				CLANG_WARN_RANGE_LOOP_ANALYSIS = YES;
				CLANG_WARN_STRICT_PROTOTYPES = YES;
				CLANG_WARN_SUSPICIOUS_MOVE = YES;
				CLANG_WARN_UNGUARDED_AVAILABILITY = YES_AGGRESSIVE;
				CLANG_WARN_UNREACHABLE_CODE = YES;
				CLANG_WARN__DUPLICATE_METHOD_MATCH = YES;
				COPY_PHASE_STRIP = NO;
				DEBUG_INFORMATION_FORMAT = "dwarf-with-dsym";
				ENABLE_NS_ASSERTIONS = NO;
				ENABLE_STRICT_OBJC_MSGSEND = YES;
				ENABLE_USER_SCRIPT_SANDBOXING = YES;
				GCC_C_LANGUAGE_STANDARD = gnu17;
				GCC_NO_COMMON_BLOCKS = YES;
				GCC_WARN_64_TO_32_BIT_CONVERSION = YES;
				GCC_WARN_ABOUT_RETURN_TYPE = YES_ERROR;
				GCC_WARN_UNDECLARED_SELECTOR = YES;
				GCC_WARN_UNINITIALIZED_AUTOS = YES_AGGRESSIVE;
				GCC_WARN_UNUSED_FUNCTION = YES;
				GCC_WARN_UNUSED_VARIABLE = YES;
				IPHONEOS_DEPLOYMENT_TARGET = 17.0;
				LOCALIZATION_PREFERS_STRING_CATALOGS = YES;
				MTL_ENABLE_DEBUG_INFO = NO;
				MTL_FAST_MATH = YES;
				SDKROOT = iphoneos;
				SWIFT_COMPILATION_MODE = wholemodule;
				VALIDATE_PRODUCT = YES;
			};
			name = Release;
		};
		B224B3112ACCC836003EBF3C /* Debug */ = {
			isa = XCBuildConfiguration;
			buildSettings = {
				ASSETCATALOG_COMPILER_APPICON_NAME = AppIcon;
				ASSETCATALOG_COMPILER_GLOBAL_ACCENT_COLOR_NAME = AccentColor;
				CODE_SIGN_STYLE = Automatic;
				CURRENT_PROJECT_VERSION = 1;
				DEVELOPMENT_ASSET_PATHS = "\"Flags/Preview Content\"";
				ENABLE_PREVIEWS = YES;
				GENERATE_INFOPLIST_FILE = YES;
				INFOPLIST_KEY_UIApplicationSceneManifest_Generation = YES;
				INFOPLIST_KEY_UIApplicationSupportsIndirectInputEvents = YES;
				INFOPLIST_KEY_UILaunchScreen_Generation = YES;
				INFOPLIST_KEY_UISupportedInterfaceOrientations_iPad = "UIInterfaceOrientationPortrait UIInterfaceOrientationPortraitUpsideDown UIInterfaceOrientationLandscapeLeft UIInterfaceOrientationLandscapeRight";
				INFOPLIST_KEY_UISupportedInterfaceOrientations_iPhone = "UIInterfaceOrientationPortrait UIInterfaceOrientationLandscapeLeft UIInterfaceOrientationLandscapeRight";
				LD_RUNPATH_SEARCH_PATHS = (
					"$(inherited)",
					"@executable_path/Frameworks",
				);
				MARKETING_VERSION = 1.0;
				PRODUCT_BUNDLE_IDENTIFIER = com.Litao.Flags;
				PRODUCT_NAME = "$(TARGET_NAME)";
				SWIFT_EMIT_LOC_STRINGS = YES;
				SWIFT_VERSION = 5.0;
				TARGETED_DEVICE_FAMILY = "1,2";
			};
			name = Debug;
		};
		B224B3122ACCC836003EBF3C /* Release */ = {
			isa = XCBuildConfiguration;
			buildSettings = {
				ASSETCATALOG_COMPILER_APPICON_NAME = AppIcon;
				ASSETCATALOG_COMPILER_GLOBAL_ACCENT_COLOR_NAME = AccentColor;
				CODE_SIGN_STYLE = Automatic;
				CURRENT_PROJECT_VERSION = 1;
				DEVELOPMENT_ASSET_PATHS = "\"Flags/Preview Content\"";
				ENABLE_PREVIEWS = YES;
				GENERATE_INFOPLIST_FILE = YES;
				INFOPLIST_KEY_UIApplicationSceneManifest_Generation = YES;
				INFOPLIST_KEY_UIApplicationSupportsIndirectInputEvents = YES;
				INFOPLIST_KEY_UILaunchScreen_Generation = YES;
				INFOPLIST_KEY_UISupportedInterfaceOrientations_iPad = "UIInterfaceOrientationPortrait UIInterfaceOrientationPortraitUpsideDown UIInterfaceOrientationLandscapeLeft UIInterfaceOrientationLandscapeRight";
				INFOPLIST_KEY_UISupportedInterfaceOrientations_iPhone = "UIInterfaceOrientationPortrait UIInterfaceOrientationLandscapeLeft UIInterfaceOrientationLandscapeRight";
				LD_RUNPATH_SEARCH_PATHS = (
					"$(inherited)",
					"@executable_path/Frameworks",
				);
				MARKETING_VERSION = 1.0;
				PRODUCT_BUNDLE_IDENTIFIER = com.Litao.Flags;
				PRODUCT_NAME = "$(TARGET_NAME)";
				SWIFT_EMIT_LOC_STRINGS = YES;
				SWIFT_VERSION = 5.0;
				TARGETED_DEVICE_FAMILY = "1,2";
			};
			name = Release;
		};
		B224B3142ACCC836003EBF3C /* Debug */ = {
			isa = XCBuildConfiguration;
			buildSettings = {
				ALWAYS_EMBED_SWIFT_STANDARD_LIBRARIES = YES;
				BUNDLE_LOADER = "$(TEST_HOST)";
				CODE_SIGN_STYLE = Automatic;
				CURRENT_PROJECT_VERSION = 1;
				GENERATE_INFOPLIST_FILE = YES;
				IPHONEOS_DEPLOYMENT_TARGET = 17.0;
				MARKETING_VERSION = 1.0;
				PRODUCT_BUNDLE_IDENTIFIER = com.Litao.FlagsTests;
				PRODUCT_NAME = "$(TARGET_NAME)";
				SWIFT_EMIT_LOC_STRINGS = NO;
				SWIFT_VERSION = 5.0;
				TARGETED_DEVICE_FAMILY = "1,2";
				TEST_HOST = "$(BUILT_PRODUCTS_DIR)/Flags.app/$(BUNDLE_EXECUTABLE_FOLDER_PATH)/Flags";
			};
			name = Debug;
		};
		B224B3152ACCC836003EBF3C /* Release */ = {
			isa = XCBuildConfiguration;
			buildSettings = {
				ALWAYS_EMBED_SWIFT_STANDARD_LIBRARIES = YES;
				BUNDLE_LOADER = "$(TEST_HOST)";
				CODE_SIGN_STYLE = Automatic;
				CURRENT_PROJECT_VERSION = 1;
				GENERATE_INFOPLIST_FILE = YES;
				IPHONEOS_DEPLOYMENT_TARGET = 17.0;
				MARKETING_VERSION = 1.0;
				PRODUCT_BUNDLE_IDENTIFIER = com.Litao.FlagsTests;
				PRODUCT_NAME = "$(TARGET_NAME)";
				SWIFT_EMIT_LOC_STRINGS = NO;
				SWIFT_VERSION = 5.0;
				TARGETED_DEVICE_FAMILY = "1,2";
				TEST_HOST = "$(BUILT_PRODUCTS_DIR)/Flags.app/$(BUNDLE_EXECUTABLE_FOLDER_PATH)/Flags";
			};
			name = Release;
		};
		B224B3172ACCC836003EBF3C /* Debug */ = {
			isa = XCBuildConfiguration;
			buildSettings = {
				ALWAYS_EMBED_SWIFT_STANDARD_LIBRARIES = YES;
				CODE_SIGN_STYLE = Automatic;
				CURRENT_PROJECT_VERSION = 1;
				GENERATE_INFOPLIST_FILE = YES;
				MARKETING_VERSION = 1.0;
				PRODUCT_BUNDLE_IDENTIFIER = com.Litao.FlagsUITests;
				PRODUCT_NAME = "$(TARGET_NAME)";
				SWIFT_EMIT_LOC_STRINGS = NO;
				SWIFT_VERSION = 5.0;
				TARGETED_DEVICE_FAMILY = "1,2";
				TEST_TARGET_NAME = Flags;
			};
			name = Debug;
		};
		B224B3182ACCC836003EBF3C /* Release */ = {
			isa = XCBuildConfiguration;
			buildSettings = {
				ALWAYS_EMBED_SWIFT_STANDARD_LIBRARIES = YES;
				CODE_SIGN_STYLE = Automatic;
				CURRENT_PROJECT_VERSION = 1;
				GENERATE_INFOPLIST_FILE = YES;
				MARKETING_VERSION = 1.0;
				PRODUCT_BUNDLE_IDENTIFIER = com.Litao.FlagsUITests;
				PRODUCT_NAME = "$(TARGET_NAME)";
				SWIFT_EMIT_LOC_STRINGS = NO;
				SWIFT_VERSION = 5.0;
				TARGETED_DEVICE_FAMILY = "1,2";
				TEST_TARGET_NAME = Flags;
			};
			name = Release;
		};
/* End XCBuildConfiguration section */

/* Begin XCConfigurationList section */
		B224B2E72ACCC835003EBF3C /* Build configuration list for PBXProject "Flags" */ = {
			isa = XCConfigurationList;
			buildConfigurations = (
				B224B30E2ACCC836003EBF3C /* Debug */,
				B224B30F2ACCC836003EBF3C /* Release */,
			);
			defaultConfigurationIsVisible = 0;
			defaultConfigurationName = Release;
		};
		B224B3102ACCC836003EBF3C /* Build configuration list for PBXNativeTarget "Flags" */ = {
			isa = XCConfigurationList;
			buildConfigurations = (
				B224B3112ACCC836003EBF3C /* Debug */,
				B224B3122ACCC836003EBF3C /* Release */,
			);
			defaultConfigurationIsVisible = 0;
			defaultConfigurationName = Release;
		};
		B224B3132ACCC836003EBF3C /* Build configuration list for PBXNativeTarget "FlagsTests" */ = {
			isa = XCConfigurationList;
			buildConfigurations = (
				B224B3142ACCC836003EBF3C /* Debug */,
				B224B3152ACCC836003EBF3C /* Release */,
			);
			defaultConfigurationIsVisible = 0;
			defaultConfigurationName = Release;
		};
		B224B3162ACCC836003EBF3C /* Build configuration list for PBXNativeTarget "FlagsUITests" */ = {
			isa = XCConfigurationList;
			buildConfigurations = (
				B224B3172ACCC836003EBF3C /* Debug */,
				B224B3182ACCC836003EBF3C /* Release */,
			);
			defaultConfigurationIsVisible = 0;
			defaultConfigurationName = Release;
		};
/* End XCConfigurationList section */
	};
	rootObject = B224B2E42ACCC835003EBF3C /* Project object */;
}
